// !$*UTF8*$!
{
	archiveVersion = 1;
	classes = {
	};
	objectVersion = 50;
	objects = {

/* Begin PBXBuildFile section */
		0989040620F6C05B00FBE064 /* AppDelegate.swift in Sources */ = {isa = PBXBuildFile; fileRef = 0989040520F6C05B00FBE064 /* AppDelegate.swift */; };
		0989040820F6C05B00FBE064 /* ViewController.swift in Sources */ = {isa = PBXBuildFile; fileRef = 0989040720F6C05B00FBE064 /* ViewController.swift */; };
		0989040B20F6C05B00FBE064 /* Main.storyboard in Resources */ = {isa = PBXBuildFile; fileRef = 0989040920F6C05B00FBE064 /* Main.storyboard */; };
		0989040E20F6C05B00FBE064 /* daneDemoBinaryCounter.xcdatamodeld in Sources */ = {isa = PBXBuildFile; fileRef = 0989040C20F6C05B00FBE064 /* daneDemoBinaryCounter.xcdatamodeld */; };
		0989041020F6C05C00FBE064 /* Assets.xcassets in Resources */ = {isa = PBXBuildFile; fileRef = 0989040F20F6C05C00FBE064 /* Assets.xcassets */; };
		0989041320F6C05C00FBE064 /* LaunchScreen.storyboard in Resources */ = {isa = PBXBuildFile; fileRef = 0989041120F6C05C00FBE064 /* LaunchScreen.storyboard */; };
		0989041E20F6C05C00FBE064 /* daneDemoBinaryCounterTests.swift in Sources */ = {isa = PBXBuildFile; fileRef = 0989041D20F6C05C00FBE064 /* daneDemoBinaryCounterTests.swift */; };
		0989042920F6C05C00FBE064 /* daneDemoBinaryCounterUITests.swift in Sources */ = {isa = PBXBuildFile; fileRef = 0989042820F6C05C00FBE064 /* daneDemoBinaryCounterUITests.swift */; };
		0989043720F6C59B00FBE064 /* counterCell.swift in Sources */ = {isa = PBXBuildFile; fileRef = 0989043620F6C59B00FBE064 /* counterCell.swift */; };
/* End PBXBuildFile section */

/* Begin PBXContainerItemProxy section */
		0989041A20F6C05C00FBE064 /* PBXContainerItemProxy */ = {
			isa = PBXContainerItemProxy;
			containerPortal = 098903FA20F6C05B00FBE064 /* Project object */;
			proxyType = 1;
			remoteGlobalIDString = 0989040120F6C05B00FBE064;
			remoteInfo = daneDemoBinaryCounter;
		};
		0989042520F6C05C00FBE064 /* PBXContainerItemProxy */ = {
			isa = PBXContainerItemProxy;
			containerPortal = 098903FA20F6C05B00FBE064 /* Project object */;
			proxyType = 1;
			remoteGlobalIDString = 0989040120F6C05B00FBE064;
			remoteInfo = daneDemoBinaryCounter;
		};
/* End PBXContainerItemProxy section */

/* Begin PBXFileReference section */
		0989040220F6C05B00FBE064 /* daneDemoBinaryCounter.app */ = {isa = PBXFileReference; explicitFileType = wrapper.application; includeInIndex = 0; path = daneDemoBinaryCounter.app; sourceTree = BUILT_PRODUCTS_DIR; };
		0989040520F6C05B00FBE064 /* AppDelegate.swift */ = {isa = PBXFileReference; lastKnownFileType = sourcecode.swift; path = AppDelegate.swift; sourceTree = "<group>"; };
		0989040720F6C05B00FBE064 /* ViewController.swift */ = {isa = PBXFileReference; lastKnownFileType = sourcecode.swift; path = ViewController.swift; sourceTree = "<group>"; };
		0989040A20F6C05B00FBE064 /* Base */ = {isa = PBXFileReference; lastKnownFileType = file.storyboard; name = Base; path = Base.lproj/Main.storyboard; sourceTree = "<group>"; };
		0989040D20F6C05B00FBE064 /* daneDemoBinaryCounter.xcdatamodel */ = {isa = PBXFileReference; lastKnownFileType = wrapper.xcdatamodel; path = daneDemoBinaryCounter.xcdatamodel; sourceTree = "<group>"; };
		0989040F20F6C05C00FBE064 /* Assets.xcassets */ = {isa = PBXFileReference; lastKnownFileType = folder.assetcatalog; path = Assets.xcassets; sourceTree = "<group>"; };
		0989041220F6C05C00FBE064 /* Base */ = {isa = PBXFileReference; lastKnownFileType = file.storyboard; name = Base; path = Base.lproj/LaunchScreen.storyboard; sourceTree = "<group>"; };
		0989041420F6C05C00FBE064 /* Info.plist */ = {isa = PBXFileReference; lastKnownFileType = text.plist.xml; path = Info.plist; sourceTree = "<group>"; };
		0989041920F6C05C00FBE064 /* daneDemoBinaryCounterTests.xctest */ = {isa = PBXFileReference; explicitFileType = wrapper.cfbundle; includeInIndex = 0; path = daneDemoBinaryCounterTests.xctest; sourceTree = BUILT_PRODUCTS_DIR; };
		0989041D20F6C05C00FBE064 /* daneDemoBinaryCounterTests.swift */ = {isa = PBXFileReference; lastKnownFileType = sourcecode.swift; path = daneDemoBinaryCounterTests.swift; sourceTree = "<group>"; };
		0989041F20F6C05C00FBE064 /* Info.plist */ = {isa = PBXFileReference; lastKnownFileType = text.plist.xml; path = Info.plist; sourceTree = "<group>"; };
		0989042420F6C05C00FBE064 /* daneDemoBinaryCounterUITests.xctest */ = {isa = PBXFileReference; explicitFileType = wrapper.cfbundle; includeInIndex = 0; path = daneDemoBinaryCounterUITests.xctest; sourceTree = BUILT_PRODUCTS_DIR; };
		0989042820F6C05C00FBE064 /* daneDemoBinaryCounterUITests.swift */ = {isa = PBXFileReference; lastKnownFileType = sourcecode.swift; path = daneDemoBinaryCounterUITests.swift; sourceTree = "<group>"; };
		0989042A20F6C05C00FBE064 /* Info.plist */ = {isa = PBXFileReference; lastKnownFileType = text.plist.xml; path = Info.plist; sourceTree = "<group>"; };
		0989043620F6C59B00FBE064 /* counterCell.swift */ = {isa = PBXFileReference; lastKnownFileType = sourcecode.swift; path = counterCell.swift; sourceTree = "<group>"; };
/* End PBXFileReference section */

/* Begin PBXFrameworksBuildPhase section */
		098903FF20F6C05B00FBE064 /* Frameworks */ = {
			isa = PBXFrameworksBuildPhase;
			buildActionMask = 2147483647;
			files = (
			);
			runOnlyForDeploymentPostprocessing = 0;
		};
		0989041620F6C05C00FBE064 /* Frameworks */ = {
			isa = PBXFrameworksBuildPhase;
			buildActionMask = 2147483647;
			files = (
			);
			runOnlyForDeploymentPostprocessing = 0;
		};
		0989042120F6C05C00FBE064 /* Frameworks */ = {
			isa = PBXFrameworksBuildPhase;
			buildActionMask = 2147483647;
			files = (
			);
			runOnlyForDeploymentPostprocessing = 0;
		};
/* End PBXFrameworksBuildPhase section */

/* Begin PBXGroup section */
		098903F920F6C05B00FBE064 = {
			isa = PBXGroup;
			children = (
				0989040420F6C05B00FBE064 /* daneDemoBinaryCounter */,
				0989041C20F6C05C00FBE064 /* daneDemoBinaryCounterTests */,
				0989042720F6C05C00FBE064 /* daneDemoBinaryCounterUITests */,
				0989040320F6C05B00FBE064 /* Products */,
			);
			sourceTree = "<group>";
		};
		0989040320F6C05B00FBE064 /* Products */ = {
			isa = PBXGroup;
			children = (
				0989040220F6C05B00FBE064 /* daneDemoBinaryCounter.app */,
				0989041920F6C05C00FBE064 /* daneDemoBinaryCounterTests.xctest */,
				0989042420F6C05C00FBE064 /* daneDemoBinaryCounterUITests.xctest */,
			);
			name = Products;
			sourceTree = "<group>";
		};
		0989040420F6C05B00FBE064 /* daneDemoBinaryCounter */ = {
			isa = PBXGroup;
			children = (
				0989040520F6C05B00FBE064 /* AppDelegate.swift */,
				0989040720F6C05B00FBE064 /* ViewController.swift */,
				0989043620F6C59B00FBE064 /* counterCell.swift */,
				0989040920F6C05B00FBE064 /* Main.storyboard */,
				0989040F20F6C05C00FBE064 /* Assets.xcassets */,
				0989041120F6C05C00FBE064 /* LaunchScreen.storyboard */,
				0989041420F6C05C00FBE064 /* Info.plist */,
				0989040C20F6C05B00FBE064 /* daneDemoBinaryCounter.xcdatamodeld */,
			);
			path = daneDemoBinaryCounter;
			sourceTree = "<group>";
		};
		0989041C20F6C05C00FBE064 /* daneDemoBinaryCounterTests */ = {
			isa = PBXGroup;
			children = (
				0989041D20F6C05C00FBE064 /* daneDemoBinaryCounterTests.swift */,
				0989041F20F6C05C00FBE064 /* Info.plist */,
			);
			path = daneDemoBinaryCounterTests;
			sourceTree = "<group>";
		};
		0989042720F6C05C00FBE064 /* daneDemoBinaryCounterUITests */ = {
			isa = PBXGroup;
			children = (
				0989042820F6C05C00FBE064 /* daneDemoBinaryCounterUITests.swift */,
				0989042A20F6C05C00FBE064 /* Info.plist */,
			);
			path = daneDemoBinaryCounterUITests;
			sourceTree = "<group>";
		};
/* End PBXGroup section */

/* Begin PBXNativeTarget section */
		0989040120F6C05B00FBE064 /* daneDemoBinaryCounter */ = {
			isa = PBXNativeTarget;
			buildConfigurationList = 0989042D20F6C05C00FBE064 /* Build configuration list for PBXNativeTarget "daneDemoBinaryCounter" */;
			buildPhases = (
				098903FE20F6C05B00FBE064 /* Sources */,
				098903FF20F6C05B00FBE064 /* Frameworks */,
				0989040020F6C05B00FBE064 /* Resources */,
			);
			buildRules = (
			);
			dependencies = (
			);
			name = daneDemoBinaryCounter;
			productName = daneDemoBinaryCounter;
			productReference = 0989040220F6C05B00FBE064 /* daneDemoBinaryCounter.app */;
			productType = "com.apple.product-type.application";
		};
		0989041820F6C05C00FBE064 /* daneDemoBinaryCounterTests */ = {
			isa = PBXNativeTarget;
			buildConfigurationList = 0989043020F6C05C00FBE064 /* Build configuration list for PBXNativeTarget "daneDemoBinaryCounterTests" */;
			buildPhases = (
				0989041520F6C05C00FBE064 /* Sources */,
				0989041620F6C05C00FBE064 /* Frameworks */,
				0989041720F6C05C00FBE064 /* Resources */,
			);
			buildRules = (
			);
			dependencies = (
				0989041B20F6C05C00FBE064 /* PBXTargetDependency */,
			);
			name = daneDemoBinaryCounterTests;
			productName = daneDemoBinaryCounterTests;
			productReference = 0989041920F6C05C00FBE064 /* daneDemoBinaryCounterTests.xctest */;
			productType = "com.apple.product-type.bundle.unit-test";
		};
		0989042320F6C05C00FBE064 /* daneDemoBinaryCounterUITests */ = {
			isa = PBXNativeTarget;
			buildConfigurationList = 0989043320F6C05C00FBE064 /* Build configuration list for PBXNativeTarget "daneDemoBinaryCounterUITests" */;
			buildPhases = (
				0989042020F6C05C00FBE064 /* Sources */,
				0989042120F6C05C00FBE064 /* Frameworks */,
				0989042220F6C05C00FBE064 /* Resources */,
			);
			buildRules = (
			);
			dependencies = (
				0989042620F6C05C00FBE064 /* PBXTargetDependency */,
			);
			name = daneDemoBinaryCounterUITests;
			productName = daneDemoBinaryCounterUITests;
			productReference = 0989042420F6C05C00FBE064 /* daneDemoBinaryCounterUITests.xctest */;
			productType = "com.apple.product-type.bundle.ui-testing";
		};
/* End PBXNativeTarget section */

/* Begin PBXProject section */
		098903FA20F6C05B00FBE064 /* Project object */ = {
			isa = PBXProject;
			attributes = {
				LastSwiftUpdateCheck = 0940;
				LastUpgradeCheck = 0940;
				ORGANIZATIONNAME = "Jaewon Lee";
				TargetAttributes = {
					0989040120F6C05B00FBE064 = {
						CreatedOnToolsVersion = 9.4.1;
					};
					0989041820F6C05C00FBE064 = {
						CreatedOnToolsVersion = 9.4.1;
						TestTargetID = 0989040120F6C05B00FBE064;
					};
					0989042320F6C05C00FBE064 = {
						CreatedOnToolsVersion = 9.4.1;
						TestTargetID = 0989040120F6C05B00FBE064;
					};
				};
			};
			buildConfigurationList = 098903FD20F6C05B00FBE064 /* Build configuration list for PBXProject "daneDemoBinaryCounter" */;
			compatibilityVersion = "Xcode 9.3";
			developmentRegion = en;
			hasScannedForEncodings = 0;
			knownRegions = (
				en,
				Base,
			);
			mainGroup = 098903F920F6C05B00FBE064;
			productRefGroup = 0989040320F6C05B00FBE064 /* Products */;
			projectDirPath = "";
			projectRoot = "";
			targets = (
				0989040120F6C05B00FBE064 /* daneDemoBinaryCounter */,
				0989041820F6C05C00FBE064 /* daneDemoBinaryCounterTests */,
				0989042320F6C05C00FBE064 /* daneDemoBinaryCounterUITests */,
			);
		};
/* End PBXProject section */

/* Begin PBXResourcesBuildPhase section */
		0989040020F6C05B00FBE064 /* Resources */ = {
			isa = PBXResourcesBuildPhase;
			buildActionMask = 2147483647;
			files = (
				0989041320F6C05C00FBE064 /* LaunchScreen.storyboard in Resources */,
				0989041020F6C05C00FBE064 /* Assets.xcassets in Resources */,
				0989040B20F6C05B00FBE064 /* Main.storyboard in Resources */,
			);
			runOnlyForDeploymentPostprocessing = 0;
		};
		0989041720F6C05C00FBE064 /* Resources */ = {
			isa = PBXResourcesBuildPhase;
			buildActionMask = 2147483647;
			files = (
			);
			runOnlyForDeploymentPostprocessing = 0;
		};
		0989042220F6C05C00FBE064 /* Resources */ = {
			isa = PBXResourcesBuildPhase;
			buildActionMask = 2147483647;
			files = (
			);
			runOnlyForDeploymentPostprocessing = 0;
		};
/* End PBXResourcesBuildPhase section */

/* Begin PBXSourcesBuildPhase section */
		098903FE20F6C05B00FBE064 /* Sources */ = {
			isa = PBXSourcesBuildPhase;
			buildActionMask = 2147483647;
			files = (
				0989043720F6C59B00FBE064 /* counterCell.swift in Sources */,
				0989040820F6C05B00FBE064 /* ViewController.swift in Sources */,
				0989040620F6C05B00FBE064 /* AppDelegate.swift in Sources */,
				0989040E20F6C05B00FBE064 /* daneDemoBinaryCounter.xcdatamodeld in Sources */,
			);
			runOnlyForDeploymentPostprocessing = 0;
		};
		0989041520F6C05C00FBE064 /* Sources */ = {
			isa = PBXSourcesBuildPhase;
			buildActionMask = 2147483647;
			files = (
				0989041E20F6C05C00FBE064 /* daneDemoBinaryCounterTests.swift in Sources */,
			);
			runOnlyForDeploymentPostprocessing = 0;
		};
		0989042020F6C05C00FBE064 /* Sources */ = {
			isa = PBXSourcesBuildPhase;
			buildActionMask = 2147483647;
			files = (
				0989042920F6C05C00FBE064 /* daneDemoBinaryCounterUITests.swift in Sources */,
			);
			runOnlyForDeploymentPostprocessing = 0;
		};
/* End PBXSourcesBuildPhase section */

/* Begin PBXTargetDependency section */
		0989041B20F6C05C00FBE064 /* PBXTargetDependency */ = {
			isa = PBXTargetDependency;
			target = 0989040120F6C05B00FBE064 /* daneDemoBinaryCounter */;
			targetProxy = 0989041A20F6C05C00FBE064 /* PBXContainerItemProxy */;
		};
		0989042620F6C05C00FBE064 /* PBXTargetDependency */ = {
			isa = PBXTargetDependency;
			target = 0989040120F6C05B00FBE064 /* daneDemoBinaryCounter */;
			targetProxy = 0989042520F6C05C00FBE064 /* PBXContainerItemProxy */;
		};
/* End PBXTargetDependency section */

/* Begin PBXVariantGroup section */
		0989040920F6C05B00FBE064 /* Main.storyboard */ = {
			isa = PBXVariantGroup;
			children = (
				0989040A20F6C05B00FBE064 /* Base */,
			);
			name = Main.storyboard;
			sourceTree = "<group>";
		};
		0989041120F6C05C00FBE064 /* LaunchScreen.storyboard */ = {
			isa = PBXVariantGroup;
			children = (
				0989041220F6C05C00FBE064 /* Base */,
			);
			name = LaunchScreen.storyboard;
			sourceTree = "<group>";
		};
/* End PBXVariantGroup section */

/* Begin XCBuildConfiguration section */
		0989042B20F6C05C00FBE064 /* Debug */ = {
			isa = XCBuildConfiguration;
			buildSettings = {
				ALWAYS_SEARCH_USER_PATHS = NO;
				CLANG_ANALYZER_NONNULL = YES;
				CLANG_ANALYZER_NUMBER_OBJECT_CONVERSION = YES_AGGRESSIVE;
				CLANG_CXX_LANGUAGE_STANDARD = "gnu++14";
				CLANG_CXX_LIBRARY = "libc++";
				CLANG_ENABLE_MODULES = YES;
				CLANG_ENABLE_OBJC_ARC = YES;
				CLANG_ENABLE_OBJC_WEAK = YES;
				CLANG_WARN_BLOCK_CAPTURE_AUTORELEASING = YES;
				CLANG_WARN_BOOL_CONVERSION = YES;
				CLANG_WARN_COMMA = YES;
				CLANG_WARN_CONSTANT_CONVERSION = YES;
				CLANG_WARN_DEPRECATED_OBJC_IMPLEMENTATIONS = YES;
				CLANG_WARN_DIRECT_OBJC_ISA_USAGE = YES_ERROR;
				CLANG_WARN_DOCUMENTATION_COMMENTS = YES;
				CLANG_WARN_EMPTY_BODY = YES;
				CLANG_WARN_ENUM_CONVERSION = YES;
				CLANG_WARN_INFINITE_RECURSION = YES;
				CLANG_WARN_INT_CONVERSION = YES;
				CLANG_WARN_NON_LITERAL_NULL_CONVERSION = YES;
				CLANG_WARN_OBJC_IMPLICIT_RETAIN_SELF = YES;
				CLANG_WARN_OBJC_LITERAL_CONVERSION = YES;
				CLANG_WARN_OBJC_ROOT_CLASS = YES_ERROR;
				CLANG_WARN_RANGE_LOOP_ANALYSIS = YES;
				CLANG_WARN_STRICT_PROTOTYPES = YES;
				CLANG_WARN_SUSPICIOUS_MOVE = YES;
				CLANG_WARN_UNGUARDED_AVAILABILITY = YES_AGGRESSIVE;
				CLANG_WARN_UNREACHABLE_CODE = YES;
				CLANG_WARN__DUPLICATE_METHOD_MATCH = YES;
				CODE_SIGN_IDENTITY = "iPhone Developer";
				COPY_PHASE_STRIP = NO;
				DEBUG_INFORMATION_FORMAT = dwarf;
				ENABLE_STRICT_OBJC_MSGSEND = YES;
				ENABLE_TESTABILITY = YES;
				GCC_C_LANGUAGE_STANDARD = gnu11;
				GCC_DYNAMIC_NO_PIC = NO;
				GCC_NO_COMMON_BLOCKS = YES;
				GCC_OPTIMIZATION_LEVEL = 0;
				GCC_PREPROCESSOR_DEFINITIONS = (
					"DEBUG=1",
					"$(inherited)",
				);
				GCC_WARN_64_TO_32_BIT_CONVERSION = YES;
				GCC_WARN_ABOUT_RETURN_TYPE = YES_ERROR;
				GCC_WARN_UNDECLARED_SELECTOR = YES;
				GCC_WARN_UNINITIALIZED_AUTOS = YES_AGGRESSIVE;
				GCC_WARN_UNUSED_FUNCTION = YES;
				GCC_WARN_UNUSED_VARIABLE = YES;
				IPHONEOS_DEPLOYMENT_TARGET = 11.4;
				MTL_ENABLE_DEBUG_INFO = YES;
				ONLY_ACTIVE_ARCH = YES;
				SDKROOT = iphoneos;
				SWIFT_ACTIVE_COMPILATION_CONDITIONS = DEBUG;
				SWIFT_OPTIMIZATION_LEVEL = "-Onone";
			};
			name = Debug;
		};
		0989042C20F6C05C00FBE064 /* Release */ = {
			isa = XCBuildConfiguration;
			buildSettings = {
				ALWAYS_SEARCH_USER_PATHS = NO;
				CLANG_ANALYZER_NONNULL = YES;
				CLANG_ANALYZER_NUMBER_OBJECT_CONVERSION = YES_AGGRESSIVE;
				CLANG_CXX_LANGUAGE_STANDARD = "gnu++14";
				CLANG_CXX_LIBRARY = "libc++";
				CLANG_ENABLE_MODULES = YES;
				CLANG_ENABLE_OBJC_ARC = YES;
				CLANG_ENABLE_OBJC_WEAK = YES;
				CLANG_WARN_BLOCK_CAPTURE_AUTORELEASING = YES;
				CLANG_WARN_BOOL_CONVERSION = YES;
				CLANG_WARN_COMMA = YES;
				CLANG_WARN_CONSTANT_CONVERSION = YES;
				CLANG_WARN_DEPRECATED_OBJC_IMPLEMENTATIONS = YES;
				CLANG_WARN_DIRECT_OBJC_ISA_USAGE = YES_ERROR;
				CLANG_WARN_DOCUMENTATION_COMMENTS = YES;
				CLANG_WARN_EMPTY_BODY = YES;
				CLANG_WARN_ENUM_CONVERSION = YES;
				CLANG_WARN_INFINITE_RECURSION = YES;
				CLANG_WARN_INT_CONVERSION = YES;
				CLANG_WARN_NON_LITERAL_NULL_CONVERSION = YES;
				CLANG_WARN_OBJC_IMPLICIT_RETAIN_SELF = YES;
				CLANG_WARN_OBJC_LITERAL_CONVERSION = YES;
				CLANG_WARN_OBJC_ROOT_CLASS = YES_ERROR;
				CLANG_WARN_RANGE_LOOP_ANALYSIS = YES;
				CLANG_WARN_STRICT_PROTOTYPES = YES;
				CLANG_WARN_SUSPICIOUS_MOVE = YES;
				CLANG_WARN_UNGUARDED_AVAILABILITY = YES_AGGRESSIVE;
				CLANG_WARN_UNREACHABLE_CODE = YES;
				CLANG_WARN__DUPLICATE_METHOD_MATCH = YES;
				CODE_SIGN_IDENTITY = "iPhone Developer";
				COPY_PHASE_STRIP = NO;
				DEBUG_INFORMATION_FORMAT = "dwarf-with-dsym";
				ENABLE_NS_ASSERTIONS = NO;
				ENABLE_STRICT_OBJC_MSGSEND = YES;
				GCC_C_LANGUAGE_STANDARD = gnu11;
				GCC_NO_COMMON_BLOCKS = YES;
				GCC_WARN_64_TO_32_BIT_CONVERSION = YES;
				GCC_WARN_ABOUT_RETURN_TYPE = YES_ERROR;
				GCC_WARN_UNDECLARED_SELECTOR = YES;
				GCC_WARN_UNINITIALIZED_AUTOS = YES_AGGRESSIVE;
				GCC_WARN_UNUSED_FUNCTION = YES;
				GCC_WARN_UNUSED_VARIABLE = YES;
				IPHONEOS_DEPLOYMENT_TARGET = 11.4;
				MTL_ENABLE_DEBUG_INFO = NO;
				SDKROOT = iphoneos;
				SWIFT_COMPILATION_MODE = wholemodule;
				SWIFT_OPTIMIZATION_LEVEL = "-O";
				VALIDATE_PRODUCT = YES;
			};
			name = Release;
		};
		0989042E20F6C05C00FBE064 /* Debug */ = {
			isa = XCBuildConfiguration;
			buildSettings = {
				ASSETCATALOG_COMPILER_APPICON_NAME = AppIcon;
				CODE_SIGN_STYLE = Automatic;
				DEVELOPMENT_TEAM = G2972WV9H7;
				INFOPLIST_FILE = daneDemoBinaryCounter/Info.plist;
				LD_RUNPATH_SEARCH_PATHS = (
					"$(inherited)",
					"@executable_path/Frameworks",
				);
				PRODUCT_BUNDLE_IDENTIFIER = "Jaewon-Lee.daneDemoBinaryCounter";
				PRODUCT_NAME = "$(TARGET_NAME)";
				SWIFT_VERSION = 4.0;
				TARGETED_DEVICE_FAMILY = "1,2";
			};
			name = Debug;
		};
		0989042F20F6C05C00FBE064 /* Release */ = {
			isa = XCBuildConfiguration;
			buildSettings = {
				ASSETCATALOG_COMPILER_APPICON_NAME = AppIcon;
				CODE_SIGN_STYLE = Automatic;
				DEVELOPMENT_TEAM = G2972WV9H7;
				INFOPLIST_FILE = daneDemoBinaryCounter/Info.plist;
				LD_RUNPATH_SEARCH_PATHS = (
					"$(inherited)",
					"@executable_path/Frameworks",
				);
				PRODUCT_BUNDLE_IDENTIFIER = "Jaewon-Lee.daneDemoBinaryCounter";
				PRODUCT_NAME = "$(TARGET_NAME)";
				SWIFT_VERSION = 4.0;
				TARGETED_DEVICE_FAMILY = "1,2";
			};
			name = Release;
		};
		0989043120F6C05C00FBE064 /* Debug */ = {
			isa = XCBuildConfiguration;
			buildSettings = {
				ALWAYS_EMBED_SWIFT_STANDARD_LIBRARIES = YES;
				BUNDLE_LOADER = "$(TEST_HOST)";
				CODE_SIGN_STYLE = Automatic;
				DEVELOPMENT_TEAM = G2972WV9H7;
				INFOPLIST_FILE = daneDemoBinaryCounterTests/Info.plist;
				LD_RUNPATH_SEARCH_PATHS = (
					"$(inherited)",
					"@executable_path/Frameworks",
					"@loader_path/Frameworks",
				);
				PRODUCT_BUNDLE_IDENTIFIER = "Jaewon-Lee.daneDemoBinaryCounterTests";
				PRODUCT_NAME = "$(TARGET_NAME)";
				SWIFT_VERSION = 4.0;
				TARGETED_DEVICE_FAMILY = "1,2";
				TEST_HOST = "$(BUILT_PRODUCTS_DIR)/daneDemoBinaryCounter.app/daneDemoBinaryCounter";
			};
			name = Debug;
		};
		0989043220F6C05C00FBE064 /* Release */ = {
			isa = XCBuildConfiguration;
			buildSettings = {
				ALWAYS_EMBED_SWIFT_STANDARD_LIBRARIES = YES;
				BUNDLE_LOADER = "$(TEST_HOST)";
				CODE_SIGN_STYLE = Automatic;
				DEVELOPMENT_TEAM = G2972WV9H7;
				INFOPLIST_FILE = daneDemoBinaryCounterTests/Info.plist;
				LD_RUNPATH_SEARCH_PATHS = (
					"$(inherited)",
					"@executable_path/Frameworks",
					"@loader_path/Frameworks",
				);
				PRODUCT_BUNDLE_IDENTIFIER = "Jaewon-Lee.daneDemoBinaryCounterTests";
				PRODUCT_NAME = "$(TARGET_NAME)";
				SWIFT_VERSION = 4.0;
				TARGETED_DEVICE_FAMILY = "1,2";
				TEST_HOST = "$(BUILT_PRODUCTS_DIR)/daneDemoBinaryCounter.app/daneDemoBinaryCounter";
			};
			name = Release;
		};
		0989043420F6C05C00FBE064 /* Debug */ = {
			isa = XCBuildConfiguration;
			buildSettings = {
				ALWAYS_EMBED_SWIFT_STANDARD_LIBRARIES = YES;
				CODE_SIGN_STYLE = Automatic;
				DEVELOPMENT_TEAM = G2972WV9H7;
				INFOPLIST_FILE = daneDemoBinaryCounterUITests/Info.plist;
				LD_RUNPATH_SEARCH_PATHS = (
					"$(inherited)",
					"@executable_path/Frameworks",
					"@loader_path/Frameworks",
				);
				PRODUCT_BUNDLE_IDENTIFIER = "Jaewon-Lee.daneDemoBinaryCounterUITests";
				PRODUCT_NAME = "$(TARGET_NAME)";
				SWIFT_VERSION = 4.0;
				TARGETED_DEVICE_FAMILY = "1,2";
				TEST_TARGET_NAME = daneDemoBinaryCounter;
			};
			name = Debug;
		};
		0989043520F6C05C00FBE064 /* Release */ = {
			isa = XCBuildConfiguration;
			buildSettings = {
				ALWAYS_EMBED_SWIFT_STANDARD_LIBRARIES = YES;
				CODE_SIGN_STYLE = Automatic;
				DEVELOPMENT_TEAM = G2972WV9H7;
				INFOPLIST_FILE = daneDemoBinaryCounterUITests/Info.plist;
				LD_RUNPATH_SEARCH_PATHS = (
					"$(inherited)",
					"@executable_path/Frameworks",
					"@loader_path/Frameworks",
				);
				PRODUCT_BUNDLE_IDENTIFIER = "Jaewon-Lee.daneDemoBinaryCounterUITests";
				PRODUCT_NAME = "$(TARGET_NAME)";
				SWIFT_VERSION = 4.0;
				TARGETED_DEVICE_FAMILY = "1,2";
				TEST_TARGET_NAME = daneDemoBinaryCounter;
			};
			name = Release;
		};
/* End XCBuildConfiguration section */

/* Begin XCConfigurationList section */
		098903FD20F6C05B00FBE064 /* Build configuration list for PBXProject "daneDemoBinaryCounter" */ = {
			isa = XCConfigurationList;
			buildConfigurations = (
				0989042B20F6C05C00FBE064 /* Debug */,
				0989042C20F6C05C00FBE064 /* Release */,
			);
			defaultConfigurationIsVisible = 0;
			defaultConfigurationName = Release;
		};
		0989042D20F6C05C00FBE064 /* Build configuration list for PBXNativeTarget "daneDemoBinaryCounter" */ = {
			isa = XCConfigurationList;
			buildConfigurations = (
				0989042E20F6C05C00FBE064 /* Debug */,
				0989042F20F6C05C00FBE064 /* Release */,
			);
			defaultConfigurationIsVisible = 0;
			defaultConfigurationName = Release;
		};
		0989043020F6C05C00FBE064 /* Build configuration list for PBXNativeTarget "daneDemoBinaryCounterTests" */ = {
			isa = XCConfigurationList;
			buildConfigurations = (
				0989043120F6C05C00FBE064 /* Debug */,
				0989043220F6C05C00FBE064 /* Release */,
			);
			defaultConfigurationIsVisible = 0;
			defaultConfigurationName = Release;
		};
		0989043320F6C05C00FBE064 /* Build configuration list for PBXNativeTarget "daneDemoBinaryCounterUITests" */ = {
			isa = XCConfigurationList;
			buildConfigurations = (
				0989043420F6C05C00FBE064 /* Debug */,
				0989043520F6C05C00FBE064 /* Release */,
			);
			defaultConfigurationIsVisible = 0;
			defaultConfigurationName = Release;
		};
/* End XCConfigurationList section */

/* Begin XCVersionGroup section */
		0989040C20F6C05B00FBE064 /* daneDemoBinaryCounter.xcdatamodeld */ = {
			isa = XCVersionGroup;
			children = (
				0989040D20F6C05B00FBE064 /* daneDemoBinaryCounter.xcdatamodel */,
			);
			currentVersion = 0989040D20F6C05B00FBE064 /* daneDemoBinaryCounter.xcdatamodel */;
			path = daneDemoBinaryCounter.xcdatamodeld;
			sourceTree = "<group>";
			versionGroupType = wrapper.xcdatamodel;
		};
/* End XCVersionGroup section */
	};
	rootObject = 098903FA20F6C05B00FBE064 /* Project object */;
}
